
Microsoft Visual Studio Solution File, Format Version 12.00
# Visual Studio Version 17
VisualStudioVersion = 17.5.33516.290
MinimumVisualStudioVersion = 10.0.40219.1
Project("{FAE04EC0-301F-11D3-BF4B-00C04F79EFBC}") = "store", "store\store.csproj", "{A9387025-92CF-4401-B35B-FF5C2E5DE4BC}"
EndProject
Project("{FAE04EC0-301F-11D3-BF4B-00C04F79EFBC}") = "store.tests", "store.tests\store.tests.csproj", "{F289FA07-C914-42E5-99DC-F072FBE46AB7}"
EndProject
Global
	GlobalSection(SolutionConfigurationPlatforms) = preSolution
		Debug|Any CPU = Debug|Any CPU
		Release|Any CPU = Release|Any CPU
	EndGlobalSection
	GlobalSection(ProjectConfigurationPlatforms) = postSolution
		{A9387025-92CF-4401-B35B-FF5C2E5DE4BC}.Debug|Any CPU.ActiveCfg = Debug|Any CPU
		{A9387025-92CF-4401-B35B-FF5C2E5DE4BC}.Debug|Any CPU.Build.0 = Debug|Any CPU
		{A9387025-92CF-4401-B35B-FF5C2E5DE4BC}.Release|Any CPU.ActiveCfg = Release|Any CPU
		{A9387025-92CF-4401-B35B-FF5C2E5DE4BC}.Release|Any CPU.Build.0 = Release|Any CPU
		{F289FA07-C914-42E5-99DC-F072FBE46AB7}.Debug|Any CPU.ActiveCfg = Debug|Any CPU
		{F289FA07-C914-42E5-99DC-F072FBE46AB7}.Debug|Any CPU.Build.0 = Debug|Any CPU
		{F289FA07-C914-42E5-99DC-F072FBE46AB7}.Release|Any CPU.ActiveCfg = Release|Any CPU
		{F289FA07-C914-42E5-99DC-F072FBE46AB7}.Release|Any CPU.Build.0 = Release|Any CPU
	EndGlobalSection
	GlobalSection(SolutionProperties) = preSolution
		HideSolutionNode = FALSE
	EndGlobalSection
	GlobalSection(ExtensibilityGlobals) = postSolution
		SolutionGuid = {1D1DA41C-92FC-4FCA-BAA0-0A73506AE1F6}
	EndGlobalSection
EndGlobal
