
Microsoft Visual Studio Solution File, Format Version 12.00
Project("{FAE04EC0-301F-11D3-BF4B-00C04F79EFBC}") = "Store.Web", "Store.Web\Store.Web.csproj", "{86E3E66D-4443-4ABB-989B-B63994A1A322}"
EndProject
Project("{FAE04EC0-301F-11D3-BF4B-00C04F79EFBC}") = "CartingService", "CartingService\CartingService.csproj", "{235B6DBE-8580-4135-884B-B60AE91A73A8}"
EndProject
Project("{2150E333-8FDC-42A3-9474-1A3956D46DE8}") = "src", "src", "{C4633839-CFBF-4E9D-93DA-E2190769F5A5}"
EndProject
Project("{2150E333-8FDC-42A3-9474-1A3956D46DE8}") = "tests", "tests", "{68A750E7-EBDF-4693-B04F-C84127DBE7ED}"
EndProject
Project("{FAE04EC0-301F-11D3-BF4B-00C04F79EFBC}") = "Store.UnitTests", "Store.UnitTests\Store.UnitTests.csproj", "{C5A8C477-E16A-4B48-9C6B-F39E8E1B59B7}"
EndProject
Project("{FAE04EC0-301F-11D3-BF4B-00C04F79EFBC}") = "Store.IntegrationTests", "Store.IntegrationTests\Store.IntegrationTests.csproj", "{B2774F5E-2862-4136-9C46-A8F3B36171CB}"
EndProject
Project("{FAE04EC0-301F-11D3-BF4B-00C04F79EFBC}") = "CatalogService", "CatalogService\CatalogService.csproj", "{DA65D263-8306-481E-A9ED-85EEBE770884}"
EndProject
Project("{FAE04EC0-301F-11D3-BF4B-00C04F79EFBC}") = "MessageBusHandler", "MessageBusHandler\MessageBusHandler.csproj", "{2171AB2F-26E5-45CD-91E4-6DE23A3365C7}"
EndProject
Global
	GlobalSection(SolutionConfigurationPlatforms) = preSolution
		Debug|Any CPU = Debug|Any CPU
		Release|Any CPU = Release|Any CPU
	EndGlobalSection
	GlobalSection(ProjectConfigurationPlatforms) = postSolution
		{86E3E66D-4443-4ABB-989B-B63994A1A322}.Debug|Any CPU.ActiveCfg = Debug|Any CPU
		{86E3E66D-4443-4ABB-989B-B63994A1A322}.Debug|Any CPU.Build.0 = Debug|Any CPU
		{86E3E66D-4443-4ABB-989B-B63994A1A322}.Release|Any CPU.ActiveCfg = Release|Any CPU
		{86E3E66D-4443-4ABB-989B-B63994A1A322}.Release|Any CPU.Build.0 = Release|Any CPU
		{235B6DBE-8580-4135-884B-B60AE91A73A8}.Debug|Any CPU.ActiveCfg = Debug|Any CPU
		{235B6DBE-8580-4135-884B-B60AE91A73A8}.Debug|Any CPU.Build.0 = Debug|Any CPU
		{235B6DBE-8580-4135-884B-B60AE91A73A8}.Release|Any CPU.ActiveCfg = Release|Any CPU
		{235B6DBE-8580-4135-884B-B60AE91A73A8}.Release|Any CPU.Build.0 = Release|Any CPU
		{C5A8C477-E16A-4B48-9C6B-F39E8E1B59B7}.Debug|Any CPU.ActiveCfg = Debug|Any CPU
		{C5A8C477-E16A-4B48-9C6B-F39E8E1B59B7}.Debug|Any CPU.Build.0 = Debug|Any CPU
		{C5A8C477-E16A-4B48-9C6B-F39E8E1B59B7}.Release|Any CPU.ActiveCfg = Release|Any CPU
		{C5A8C477-E16A-4B48-9C6B-F39E8E1B59B7}.Release|Any CPU.Build.0 = Release|Any CPU
		{B2774F5E-2862-4136-9C46-A8F3B36171CB}.Debug|Any CPU.ActiveCfg = Debug|Any CPU
		{B2774F5E-2862-4136-9C46-A8F3B36171CB}.Debug|Any CPU.Build.0 = Debug|Any CPU
		{B2774F5E-2862-4136-9C46-A8F3B36171CB}.Release|Any CPU.ActiveCfg = Release|Any CPU
		{B2774F5E-2862-4136-9C46-A8F3B36171CB}.Release|Any CPU.Build.0 = Release|Any CPU
		{DA65D263-8306-481E-A9ED-85EEBE770884}.Debug|Any CPU.ActiveCfg = Debug|Any CPU
		{DA65D263-8306-481E-A9ED-85EEBE770884}.Debug|Any CPU.Build.0 = Debug|Any CPU
		{DA65D263-8306-481E-A9ED-85EEBE770884}.Release|Any CPU.ActiveCfg = Release|Any CPU
		{DA65D263-8306-481E-A9ED-85EEBE770884}.Release|Any CPU.Build.0 = Release|Any CPU
		{2171AB2F-26E5-45CD-91E4-6DE23A3365C7}.Debug|Any CPU.ActiveCfg = Debug|Any CPU
		{2171AB2F-26E5-45CD-91E4-6DE23A3365C7}.Debug|Any CPU.Build.0 = Debug|Any CPU
		{2171AB2F-26E5-45CD-91E4-6DE23A3365C7}.Release|Any CPU.ActiveCfg = Release|Any CPU
		{2171AB2F-26E5-45CD-91E4-6DE23A3365C7}.Release|Any CPU.Build.0 = Release|Any CPU
	EndGlobalSection
	GlobalSection(NestedProjects) = preSolution
		{235B6DBE-8580-4135-884B-B60AE91A73A8} = {C4633839-CFBF-4E9D-93DA-E2190769F5A5}
		{86E3E66D-4443-4ABB-989B-B63994A1A322} = {C4633839-CFBF-4E9D-93DA-E2190769F5A5}
		{C5A8C477-E16A-4B48-9C6B-F39E8E1B59B7} = {68A750E7-EBDF-4693-B04F-C84127DBE7ED}
		{B2774F5E-2862-4136-9C46-A8F3B36171CB} = {68A750E7-EBDF-4693-B04F-C84127DBE7ED}
		{DA65D263-8306-481E-A9ED-85EEBE770884} = {C4633839-CFBF-4E9D-93DA-E2190769F5A5}
		{2171AB2F-26E5-45CD-91E4-6DE23A3365C7} = {C4633839-CFBF-4E9D-93DA-E2190769F5A5}
	EndGlobalSection
EndGlobal
